
Microsoft Visual Studio Solution File, Format Version 12.00
# Visual Studio Version 16
VisualStudioVersion = 16.0.33027.164
MinimumVisualStudioVersion = 10.0.40219.1
Project("{FAE04EC0-301F-11D3-BF4B-00C04F79EFBC}") = "appIATablero", "appIATablero\appIATablero.csproj", "{BACD9927-AB87-4A1C-A1D5-3871491C2F04}"
EndProject
Global
	GlobalSection(SolutionConfigurationPlatforms) = preSolution
		Debug|Any CPU = Debug|Any CPU
		Release|Any CPU = Release|Any CPU
	EndGlobalSection
	GlobalSection(ProjectConfigurationPlatforms) = postSolution
		{BACD9927-AB87-4A1C-A1D5-3871491C2F04}.Debug|Any CPU.ActiveCfg = Debug|Any CPU
		{BACD9927-AB87-4A1C-A1D5-3871491C2F04}.Debug|Any CPU.Build.0 = Debug|Any CPU
		{BACD9927-AB87-4A1C-A1D5-3871491C2F04}.Release|Any CPU.ActiveCfg = Release|Any CPU
		{BACD9927-AB87-4A1C-A1D5-3871491C2F04}.Release|Any CPU.Build.0 = Release|Any CPU
	EndGlobalSection
	GlobalSection(SolutionProperties) = preSolution
		HideSolutionNode = FALSE
	EndGlobalSection
	GlobalSection(ExtensibilityGlobals) = postSolution
		SolutionGuid = {73E99506-1F26-4610-B6C6-36FC6B1FA293}
	EndGlobalSection
EndGlobal
